
Microsoft Visual Studio Solution File, Format Version 12.00
# Visual Studio Version 17
VisualStudioVersion = 17.11.35222.181
MinimumVisualStudioVersion = 10.0.40219.1
Project("{FAE04EC0-301F-11D3-BF4B-00C04F79EFBC}") = "2all4", "2all4.csproj", "{D57A88D9-501D-4EA4-8BFD-1F7810276E18}"
EndProject
Global
	GlobalSection(SolutionConfigurationPlatforms) = preSolution
		Debug|Any CPU = Debug|Any CPU
		Release|Any CPU = Release|Any CPU
	EndGlobalSection
	GlobalSection(ProjectConfigurationPlatforms) = postSolution
		{D57A88D9-501D-4EA4-8BFD-1F7810276E18}.Debug|Any CPU.ActiveCfg = Debug|Any CPU
		{D57A88D9-501D-4EA4-8BFD-1F7810276E18}.Debug|Any CPU.Build.0 = Debug|Any CPU
		{D57A88D9-501D-4EA4-8BFD-1F7810276E18}.Release|Any CPU.ActiveCfg = Release|Any CPU
		{D57A88D9-501D-4EA4-8BFD-1F7810276E18}.Release|Any CPU.Build.0 = Release|Any CPU
	EndGlobalSection
	GlobalSection(SolutionProperties) = preSolution
		HideSolutionNode = FALSE
	EndGlobalSection
	GlobalSection(ExtensibilityGlobals) = postSolution
		SolutionGuid = {DA315B06-C10A-4A1F-BBE7-D43C8BBDE645}
	EndGlobalSection
EndGlobal
